
Microsoft Visual Studio Solution File, Format Version 12.00
# Visual Studio Version 16
VisualStudioVersion = 16.0.29306.81
MinimumVisualStudioVersion = 10.0.40219.1
Project("{FAE04EC0-301F-11D3-BF4B-00C04F79EFBC}") = "Exam_Client", "Exam_Client\Exam_Client.csproj", "{B18007DE-CBF7-4015-ABB6-49E13D3BB3D0}"
EndProject
Global
	GlobalSection(SolutionConfigurationPlatforms) = preSolution
		Debug|Any CPU = Debug|Any CPU
		Release|Any CPU = Release|Any CPU
	EndGlobalSection
	GlobalSection(ProjectConfigurationPlatforms) = postSolution
		{B18007DE-CBF7-4015-ABB6-49E13D3BB3D0}.Debug|Any CPU.ActiveCfg = Debug|Any CPU
		{B18007DE-CBF7-4015-ABB6-49E13D3BB3D0}.Debug|Any CPU.Build.0 = Debug|Any CPU
		{B18007DE-CBF7-4015-ABB6-49E13D3BB3D0}.Release|Any CPU.ActiveCfg = Release|Any CPU
		{B18007DE-CBF7-4015-ABB6-49E13D3BB3D0}.Release|Any CPU.Build.0 = Release|Any CPU
	EndGlobalSection
	GlobalSection(SolutionProperties) = preSolution
		HideSolutionNode = FALSE
	EndGlobalSection
	GlobalSection(ExtensibilityGlobals) = postSolution
		SolutionGuid = {326E1F4E-C41A-47EF-BF77-FC9DADB0A4BD}
	EndGlobalSection
EndGlobal
